{
  "name": "LukasGabca_Svatba",
  "lockfileVersion": 2,
  "requires": true,
  "packages": {
    "": {
      "dependencies": {
        "create-next-app": "^13.3.1"
      }
    },
    "node_modules/create-next-app": {
      "version": "13.3.1",
      "resolved": "https://registry.npmjs.org/create-next-app/-/create-next-app-13.3.1.tgz",
      "integrity": "sha512-JJhQwt+bwMk/rHpZR7OnxgqBVCxcNUSRO27ZuabneOgnPT7KXwdlyS3iJf4ZzO0LsK2558eskfU+7S/TaZuing==",
      "bin": {
        "create-next-app": "dist/index.js"
      },
      "engines": {
        "node": ">=14.18.0"
      }
    }
  },
  "dependencies": {
    "create-next-app": {
      "version": "13.3.1",
      "resolved": "https://registry.npmjs.org/create-next-app/-/create-next-app-13.3.1.tgz",
      "integrity": "sha512-JJhQwt+bwMk/rHpZR7OnxgqBVCxcNUSRO27ZuabneOgnPT7KXwdlyS3iJf4ZzO0LsK2558eskfU+7S/TaZuing=="
    }
  }
}
